{
  "name": "tests",
  "version": "0.0.0",
  "lockfileVersion": 1,
  "requires": true,
  "dependencies": {
    "@angular/common": {
      "version": "7.2.16",
      "resolved": "https://registry.npmjs.org/@angular/common/-/common-7.2.16.tgz",
      "integrity": "sha512-lPo2Vt5zmKeKTdMxHMUuViouMiK4QsmO6dGTIhJ7QAx9mov0QYb4sUVKN9Ix32Aeeznaa97qJnhevyDncJqvSA==",
      "requires": {
        "tslib": "^1.9.0"
      }
    },
    "@angular/core": {
      "version": "7.2.16",
      "resolved": "https://registry.npmjs.org/@angular/core/-/core-7.2.16.tgz",
      "integrity": "sha512-z1RuBinuYeC4KLv8Z95YOgIQLd4nkoApdxkIZaWALwSkgeBuHJn4bCBn2cL0gJ/KO2x18TiTU5HuC+uyBt0AVQ==",
      "requires": {
        "tslib": "^1.9.0"
      }
    },
    "@angular/forms": {
      "version": "7.2.16",
      "resolved": "https://registry.npmjs.org/@angular/forms/-/forms-7.2.16.tgz",
      "integrity": "sha512-50JTXco6w1HOi5o6RQ6PVSR0tD4Y2aRcCFBfLXvzDi78aZOSEdOYaSm78RDUNzGCbjwdMCIbX8eOdQgUUtsEFA==",
      "requires": {
        "tslib": "^1.9.0"
      }
    },
    "@angular/platform-browser": {
      "version": "7.2.16",
      "resolved": "https://registry.npmjs.org/@angular/platform-browser/-/platform-browser-7.2.16.tgz",
      "integrity": "sha512-6LltxoPlbtUgSec5a+BGPHZ0UYdqFizxSsplC1PoJdqH17DDxQjxcluAfXnLlvOYFSSPvYa73PSOpmUU2vp4gA==",
      "requires": {
        "tslib": "^1.9.0"
      }
    },
    "@types/jasmine": {
      "version": "2.8.18",
      "resolved": "https://registry.npmjs.org/@types/jasmine/-/jasmine-2.8.18.tgz",
      "integrity": "sha512-CYOO2DsfoFnmYQ+tZyXsExePUomwvUhpSLEsM7kAJ5BSYNlom+5m3qZkxYrg2CoSfJ3tMv5NH02cB0y7GfjvaA==",
      "dev": true
    },
    "rxjs": {
      "version": "6.3.3",
      "resolved": "https://registry.npmjs.org/rxjs/-/rxjs-6.3.3.tgz",
      "integrity": "sha512-JTWmoY9tWCs7zvIk/CvRjhjGaOd+OVBM987mxFo+OW66cGpdKjZcpmc74ES1sB//7Kl/PAe8+wEakuhG4pcgOw==",
      "requires": {
        "tslib": "^1.9.0"
      }
    },
    "tslib": {
      "version": "1.14.1",
      "resolved": "https://registry.npmjs.org/tslib/-/tslib-1.14.1.tgz",
      "integrity": "sha512-Xni35NKzjgMrwevysHTCArtLDpPvye8zV/0E4EyYn43P7/7qvQwPh9BGkHewbMulVntbigmcT7rdX3BNo9wRJg=="
    },
    "zone.js": {
      "version": "0.8.29",
      "resolved": "https://registry.npmjs.org/zone.js/-/zone.js-0.8.29.tgz",
      "integrity": "sha512-mla2acNCMkWXBD+c+yeUrBUrzOxYMNFdQ6FGfigGGtEVBPJx07BQeJekjt9DmH1FtZek4E9rE1eRR9qQpxACOQ=="
    }
  }
}
